
Microsoft Visual Studio Solution File, Format Version 12.00
# Visual Studio 15
VisualStudioVersion = 15.0.28307.539
MinimumVisualStudioVersion = 10.0.40219.1
Project("{FAE04EC0-301F-11D3-BF4B-00C04F79EFBC}") = "CoreAppSample", "CoreAppSample\CoreAppSample.csproj", "{4BB30E7D-24DA-4E38-A7CD-F669B9337BDF}"
EndProject
Global
	GlobalSection(SolutionConfigurationPlatforms) = preSolution
		Debug|Any CPU = Debug|Any CPU
		Release|Any CPU = Release|Any CPU
	EndGlobalSection
	GlobalSection(ProjectConfigurationPlatforms) = postSolution
		{4BB30E7D-24DA-4E38-A7CD-F669B9337BDF}.Debug|Any CPU.ActiveCfg = Debug|Any CPU
		{4BB30E7D-24DA-4E38-A7CD-F669B9337BDF}.Debug|Any CPU.Build.0 = Debug|Any CPU
		{4BB30E7D-24DA-4E38-A7CD-F669B9337BDF}.Release|Any CPU.ActiveCfg = Release|Any CPU
		{4BB30E7D-24DA-4E38-A7CD-F669B9337BDF}.Release|Any CPU.Build.0 = Release|Any CPU
	EndGlobalSection
	GlobalSection(SolutionProperties) = preSolution
		HideSolutionNode = FALSE
	EndGlobalSection
	GlobalSection(ExtensibilityGlobals) = postSolution
		SolutionGuid = {8E8CB4AD-0BBB-427A-B816-D7D113DAE2ED}
	EndGlobalSection
EndGlobal
